
Microsoft Visual Studio Solution File, Format Version 12.00
# Visual Studio Version 17
VisualStudioVersion = 17.9.34701.34
MinimumVisualStudioVersion = 10.0.40219.1
Project("{FAE04EC0-301F-11D3-BF4B-00C04F79EFBC}") = "DocksLimit_BepInEx", "DocksLimit_BepInEx\DocksLimit_BepInEx.csproj", "{63972E5E-DEF8-4AB5-87B8-99F858340416}"
EndProject
Project("{FAE04EC0-301F-11D3-BF4B-00C04F79EFBC}") = "DocksLimit_NativeModloader", "DocksLimit_NativeModloader\DocksLimit_NativeModloader.csproj", "{486EBB42-96E8-4A5F-936A-15C17732C03E}"
EndProject
Global
	GlobalSection(SolutionConfigurationPlatforms) = preSolution
		Debug|Any CPU = Debug|Any CPU
		Release|Any CPU = Release|Any CPU
	EndGlobalSection
	GlobalSection(ProjectConfigurationPlatforms) = postSolution
		{63972E5E-DEF8-4AB5-87B8-99F858340416}.Debug|Any CPU.ActiveCfg = Debug|Any CPU
		{63972E5E-DEF8-4AB5-87B8-99F858340416}.Debug|Any CPU.Build.0 = Debug|Any CPU
		{63972E5E-DEF8-4AB5-87B8-99F858340416}.Release|Any CPU.ActiveCfg = Release|Any CPU
		{63972E5E-DEF8-4AB5-87B8-99F858340416}.Release|Any CPU.Build.0 = Release|Any CPU
		{486EBB42-96E8-4A5F-936A-15C17732C03E}.Debug|Any CPU.ActiveCfg = Debug|Any CPU
		{486EBB42-96E8-4A5F-936A-15C17732C03E}.Debug|Any CPU.Build.0 = Debug|Any CPU
		{486EBB42-96E8-4A5F-936A-15C17732C03E}.Release|Any CPU.ActiveCfg = Release|Any CPU
		{486EBB42-96E8-4A5F-936A-15C17732C03E}.Release|Any CPU.Build.0 = Release|Any CPU
	EndGlobalSection
	GlobalSection(SolutionProperties) = preSolution
		HideSolutionNode = FALSE
	EndGlobalSection
	GlobalSection(ExtensibilityGlobals) = postSolution
		SolutionGuid = {34851C11-93E4-4D37-A4E5-2AEA0F22D102}
	EndGlobalSection
EndGlobal
